
Microsoft Visual Studio Solution File, Format Version 12.00
# Visual Studio 15
VisualStudioVersion = 15.0.27004.2005
MinimumVisualStudioVersion = 10.0.40219.1
Project("{9A19103F-16F7-4668-BE54-9A1E7A4F7556}") = "TieFighter", "TieFighter\TieFighter.csproj", "{135578E4-3A5F-4A9B-8BAD-268DF51374F5}"
EndProject
Global
	GlobalSection(SolutionConfigurationPlatforms) = preSolution
		Debug|Any CPU = Debug|Any CPU
		Release|Any CPU = Release|Any CPU
	EndGlobalSection
	GlobalSection(ProjectConfigurationPlatforms) = postSolution
		{135578E4-3A5F-4A9B-8BAD-268DF51374F5}.Debug|Any CPU.ActiveCfg = Debug|Any CPU
		{135578E4-3A5F-4A9B-8BAD-268DF51374F5}.Debug|Any CPU.Build.0 = Debug|Any CPU
		{135578E4-3A5F-4A9B-8BAD-268DF51374F5}.Release|Any CPU.ActiveCfg = Release|Any CPU
		{135578E4-3A5F-4A9B-8BAD-268DF51374F5}.Release|Any CPU.Build.0 = Release|Any CPU
	EndGlobalSection
	GlobalSection(SolutionProperties) = preSolution
		HideSolutionNode = FALSE
	EndGlobalSection
	GlobalSection(ExtensibilityGlobals) = postSolution
		SolutionGuid = {3FD63C17-F6B4-4A1B-9C48-0E47DBDF0BD5}
	EndGlobalSection
EndGlobal
